Microsoft Visual Studio Solution File, Format Version 7.00
Project("{8BC9CEB8-8B4A-11D0-8D11-00A0C91BC942}") = "Ray Tracer", "Ray Tracer.vcproj", "{F2E345BD-7D32-4D3C-B36A-D031A3DF5464}"
EndProject
Global
	GlobalSection(SolutionConfiguration) = preSolution
		ConfigName.0 = Debug
		ConfigName.1 = Release
	EndGlobalSection
	GlobalSection(ProjectDependencies) = postSolution
	EndGlobalSection
	GlobalSection(ProjectConfiguration) = postSolution
		{F2E345BD-7D32-4D3C-B36A-D031A3DF5464}.Debug.ActiveCfg = Release|Win32
		{F2E345BD-7D32-4D3C-B36A-D031A3DF5464}.Debug.Build.0 = Release|Win32
		{F2E345BD-7D32-4D3C-B36A-D031A3DF5464}.Release.ActiveCfg = Release|Win32
		{F2E345BD-7D32-4D3C-B36A-D031A3DF5464}.Release.Build.0 = Release|Win32
	EndGlobalSection
	GlobalSection(ExtensibilityGlobals) = postSolution
	EndGlobalSection
	GlobalSection(ExtensibilityAddIns) = postSolution
	EndGlobalSection
EndGlobal
